
Microsoft Visual Studio Solution File, Format Version 12.00
# Visual Studio Version 17
VisualStudioVersion = 17.5.002.0
MinimumVisualStudioVersion = 10.0.40219.1
Project("{2150E333-8FDC-42A3-9474-1A3956D46DE8}") = "src", "src", "{7C0E93E1-F02C-4DC1-B800-68110F5B1655}"
EndProject
Project("{FAE04EC0-301F-11D3-BF4B-00C04F79EFBC}") = "Travel.Core", "src\Travel.Core\Travel.Core.csproj", "{F8F5193B-A549-4471-A843-D4DC81C903D2}"
EndProject
Project("{FAE04EC0-301F-11D3-BF4B-00C04F79EFBC}") = "Travel.Functions", "src\Travel.Functions\Travel.Functions.csproj", "{1E95C1A3-D5B4-4276-9787-A4FCFF7A02CC}"
EndProject
Project("{FAE04EC0-301F-11D3-BF4B-00C04F79EFBC}") = "Travel.Planners", "src\Travel.Planners\Travel.Planners.csproj", "{575C28EB-910E-42CC-A05E-0C2035AF3E9F}"
EndProject
Project("{FAE04EC0-301F-11D3-BF4B-00C04F79EFBC}") = "Travel.Prompts", "src\Travel.Prompts\Travel.Prompts.csproj", "{348E5605-969D-4E38-8200-1D74B6BD7C31}"
EndProject
Project("{FAE04EC0-301F-11D3-BF4B-00C04F79EFBC}") = "Travel.Skills", "src\Travel.Skills\Travel.Skills.csproj", "{CCC1BA3C-A991-442B-BFAC-C4BFE873688D}"
EndProject
Global
	GlobalSection(SolutionProperties) = preSolution
		HideSolutionNode = FALSE
	EndGlobalSection
	GlobalSection(ExtensibilityGlobals) = postSolution
		SolutionGuid = {9B66CF5C-161D-4BE4-BEA4-68440CCC3F05}
	EndGlobalSection
	GlobalSection(SolutionConfigurationPlatforms) = preSolution
		Debug|Any CPU = Debug|Any CPU
		Debug|x64 = Debug|x64
		Debug|x86 = Debug|x86
		Release|Any CPU = Release|Any CPU
		Release|x64 = Release|x64
		Release|x86 = Release|x86
	EndGlobalSection
	GlobalSection(ProjectConfigurationPlatforms) = postSolution
		{F8F5193B-A549-4471-A843-D4DC81C903D2}.Debug|Any CPU.ActiveCfg = Debug|Any CPU
		{F8F5193B-A549-4471-A843-D4DC81C903D2}.Debug|Any CPU.Build.0 = Debug|Any CPU
		{F8F5193B-A549-4471-A843-D4DC81C903D2}.Debug|x64.ActiveCfg = Debug|Any CPU
		{F8F5193B-A549-4471-A843-D4DC81C903D2}.Debug|x64.Build.0 = Debug|Any CPU
		{F8F5193B-A549-4471-A843-D4DC81C903D2}.Debug|x86.ActiveCfg = Debug|Any CPU
		{F8F5193B-A549-4471-A843-D4DC81C903D2}.Debug|x86.Build.0 = Debug|Any CPU
		{F8F5193B-A549-4471-A843-D4DC81C903D2}.Release|Any CPU.ActiveCfg = Release|Any CPU
		{F8F5193B-A549-4471-A843-D4DC81C903D2}.Release|Any CPU.Build.0 = Release|Any CPU
		{F8F5193B-A549-4471-A843-D4DC81C903D2}.Release|x64.ActiveCfg = Release|Any CPU
		{F8F5193B-A549-4471-A843-D4DC81C903D2}.Release|x64.Build.0 = Release|Any CPU
		{F8F5193B-A549-4471-A843-D4DC81C903D2}.Release|x86.ActiveCfg = Release|Any CPU
		{F8F5193B-A549-4471-A843-D4DC81C903D2}.Release|x86.Build.0 = Release|Any CPU
		{1E95C1A3-D5B4-4276-9787-A4FCFF7A02CC}.Debug|Any CPU.ActiveCfg = Debug|Any CPU
		{1E95C1A3-D5B4-4276-9787-A4FCFF7A02CC}.Debug|Any CPU.Build.0 = Debug|Any CPU
		{1E95C1A3-D5B4-4276-9787-A4FCFF7A02CC}.Debug|x64.ActiveCfg = Debug|Any CPU
		{1E95C1A3-D5B4-4276-9787-A4FCFF7A02CC}.Debug|x64.Build.0 = Debug|Any CPU
		{1E95C1A3-D5B4-4276-9787-A4FCFF7A02CC}.Debug|x86.ActiveCfg = Debug|Any CPU
		{1E95C1A3-D5B4-4276-9787-A4FCFF7A02CC}.Debug|x86.Build.0 = Debug|Any CPU
		{1E95C1A3-D5B4-4276-9787-A4FCFF7A02CC}.Release|Any CPU.ActiveCfg = Release|Any CPU
		{1E95C1A3-D5B4-4276-9787-A4FCFF7A02CC}.Release|Any CPU.Build.0 = Release|Any CPU
		{1E95C1A3-D5B4-4276-9787-A4FCFF7A02CC}.Release|x64.ActiveCfg = Release|Any CPU
		{1E95C1A3-D5B4-4276-9787-A4FCFF7A02CC}.Release|x64.Build.0 = Release|Any CPU
		{1E95C1A3-D5B4-4276-9787-A4FCFF7A02CC}.Release|x86.ActiveCfg = Release|Any CPU
		{1E95C1A3-D5B4-4276-9787-A4FCFF7A02CC}.Release|x86.Build.0 = Release|Any CPU
		{575C28EB-910E-42CC-A05E-0C2035AF3E9F}.Debug|Any CPU.ActiveCfg = Debug|Any CPU
		{575C28EB-910E-42CC-A05E-0C2035AF3E9F}.Debug|Any CPU.Build.0 = Debug|Any CPU
		{575C28EB-910E-42CC-A05E-0C2035AF3E9F}.Debug|x64.ActiveCfg = Debug|Any CPU
		{575C28EB-910E-42CC-A05E-0C2035AF3E9F}.Debug|x64.Build.0 = Debug|Any CPU
		{575C28EB-910E-42CC-A05E-0C2035AF3E9F}.Debug|x86.ActiveCfg = Debug|Any CPU
		{575C28EB-910E-42CC-A05E-0C2035AF3E9F}.Debug|x86.Build.0 = Debug|Any CPU
		{575C28EB-910E-42CC-A05E-0C2035AF3E9F}.Release|Any CPU.ActiveCfg = Release|Any CPU
		{575C28EB-910E-42CC-A05E-0C2035AF3E9F}.Release|Any CPU.Build.0 = Release|Any CPU
		{575C28EB-910E-42CC-A05E-0C2035AF3E9F}.Release|x64.ActiveCfg = Release|Any CPU
		{575C28EB-910E-42CC-A05E-0C2035AF3E9F}.Release|x64.Build.0 = Release|Any CPU
		{575C28EB-910E-42CC-A05E-0C2035AF3E9F}.Release|x86.ActiveCfg = Release|Any CPU
		{575C28EB-910E-42CC-A05E-0C2035AF3E9F}.Release|x86.Build.0 = Release|Any CPU
		{348E5605-969D-4E38-8200-1D74B6BD7C31}.Debug|Any CPU.ActiveCfg = Debug|Any CPU
		{348E5605-969D-4E38-8200-1D74B6BD7C31}.Debug|Any CPU.Build.0 = Debug|Any CPU
		{348E5605-969D-4E38-8200-1D74B6BD7C31}.Debug|x64.ActiveCfg = Debug|Any CPU
		{348E5605-969D-4E38-8200-1D74B6BD7C31}.Debug|x64.Build.0 = Debug|Any CPU
		{348E5605-969D-4E38-8200-1D74B6BD7C31}.Debug|x86.ActiveCfg = Debug|Any CPU
		{348E5605-969D-4E38-8200-1D74B6BD7C31}.Debug|x86.Build.0 = Debug|Any CPU
		{348E5605-969D-4E38-8200-1D74B6BD7C31}.Release|Any CPU.ActiveCfg = Release|Any CPU
		{348E5605-969D-4E38-8200-1D74B6BD7C31}.Release|Any CPU.Build.0 = Release|Any CPU
		{348E5605-969D-4E38-8200-1D74B6BD7C31}.Release|x64.ActiveCfg = Release|Any CPU
		{348E5605-969D-4E38-8200-1D74B6BD7C31}.Release|x64.Build.0 = Release|Any CPU
		{348E5605-969D-4E38-8200-1D74B6BD7C31}.Release|x86.ActiveCfg = Release|Any CPU
		{348E5605-969D-4E38-8200-1D74B6BD7C31}.Release|x86.Build.0 = Release|Any CPU
		{CCC1BA3C-A991-442B-BFAC-C4BFE873688D}.Debug|Any CPU.ActiveCfg = Debug|Any CPU
		{CCC1BA3C-A991-442B-BFAC-C4BFE873688D}.Debug|Any CPU.Build.0 = Debug|Any CPU
		{CCC1BA3C-A991-442B-BFAC-C4BFE873688D}.Debug|x64.ActiveCfg = Debug|Any CPU
		{CCC1BA3C-A991-442B-BFAC-C4BFE873688D}.Debug|x64.Build.0 = Debug|Any CPU
		{CCC1BA3C-A991-442B-BFAC-C4BFE873688D}.Debug|x86.ActiveCfg = Debug|Any CPU
		{CCC1BA3C-A991-442B-BFAC-C4BFE873688D}.Debug|x86.Build.0 = Debug|Any CPU
		{CCC1BA3C-A991-442B-BFAC-C4BFE873688D}.Release|Any CPU.ActiveCfg = Release|Any CPU
		{CCC1BA3C-A991-442B-BFAC-C4BFE873688D}.Release|Any CPU.Build.0 = Release|Any CPU
		{CCC1BA3C-A991-442B-BFAC-C4BFE873688D}.Release|x64.ActiveCfg = Release|Any CPU
		{CCC1BA3C-A991-442B-BFAC-C4BFE873688D}.Release|x64.Build.0 = Release|Any CPU
		{CCC1BA3C-A991-442B-BFAC-C4BFE873688D}.Release|x86.ActiveCfg = Release|Any CPU
		{CCC1BA3C-A991-442B-BFAC-C4BFE873688D}.Release|x86.Build.0 = Release|Any CPU
	EndGlobalSection
	GlobalSection(NestedProjects) = preSolution
		{F8F5193B-A549-4471-A843-D4DC81C903D2} = {7C0E93E1-F02C-4DC1-B800-68110F5B1655}
		{1E95C1A3-D5B4-4276-9787-A4FCFF7A02CC} = {7C0E93E1-F02C-4DC1-B800-68110F5B1655}
		{575C28EB-910E-42CC-A05E-0C2035AF3E9F} = {7C0E93E1-F02C-4DC1-B800-68110F5B1655}
		{348E5605-969D-4E38-8200-1D74B6BD7C31} = {7C0E93E1-F02C-4DC1-B800-68110F5B1655}
		{CCC1BA3C-A991-442B-BFAC-C4BFE873688D} = {7C0E93E1-F02C-4DC1-B800-68110F5B1655}
	EndGlobalSection
EndGlobal
